Microsoft Visual Studio Solution File, Format Version 12.00
# Visual Studio Version 17
VisualStudioVersion = 17.5.2.0
MinimumVisualStudioVersion = 10.0.40219.1
Project("{FAE04EC0-301F-11D3-BF4B-00C04F79EFBC}") = "Opc.Ua.RagUtility", "Opc.Ua.RagUtility/Opc.Ua.RagUtility.csproj", "{43467013-3318-8844-BB1D-E129784EBBD7}"
EndProject
Global
	GlobalSection(SolutionConfigurationPlatforms) = preSolution
		Debug|Any CPU = Debug|Any CPU
		Release|Any CPU = Release|Any CPU
	EndGlobalSection
	GlobalSection(ProjectConfigurationPlatforms) = postSolution
		{43467013-3318-8844-BB1D-E129784EBBD7}.Debug|Any CPU.ActiveCfg = Debug|Any CPU
		{43467013-3318-8844-BB1D-E129784EBBD7}.Debug|Any CPU.Build.0 = Debug|Any CPU
		{43467013-3318-8844-BB1D-E129784EBBD7}.Release|Any CPU.ActiveCfg = Release|Any CPU
		{43467013-3318-8844-BB1D-E129784EBBD7}.Release|Any CPU.Build.0 = Release|Any CPU
	EndGlobalSection
	GlobalSection(SolutionProperties) = preSolution
		HideSolutionNode = FALSE
	EndGlobalSection
	GlobalSection(ExtensibilityGlobals) = postSolution
		SolutionGuid = {C781E3BE-ABBF-4C66-A491-99BA2455632E}
	EndGlobalSection
EndGlobal
