Microsoft Visual Studio Solution File, Format Version 12.00
# Visual Studio Version 18
VisualStudioVersion = 18.2.11415.280
MinimumVisualStudioVersion = 10.0.40219.1
Project("{FAE04EC0-301F-11D3-BF4B-00C04F79EFBC}") = "Opc.Ua.RagUtility", "Opc.Ua.RagUtility\Opc.Ua.RagUtility.csproj", "{43467013-3318-8844-BB1D-E129784EBBD7}"
EndProject
Project("{FAE04EC0-301F-11D3-BF4B-00C04F79EFBC}") = "Opc.Ua.McpServer", "Opc.Ua.McpServer\Opc.Ua.McpServer.csproj", "{8A5C4E2F-1B3D-4F6A-9E7C-2D8B5F0A3C1E}"
EndProject
Project("{2150E333-8FDC-42A3-9474-1A3956D46DE8}") = "Solution Items", "Solution Items", "{D91744A7-CD79-41E6-A6EE-925B7B7CA8E6}"
	ProjectSection(SolutionItems) = preProject
		do-mcp-query.ps1 = do-mcp-query.ps1
		do-rag-operation.ps1 = do-rag-operation.ps1
		general-queries.txt = general-queries.txt
		README.md = README.md
		start-qdrant.ps1 = start-qdrant.ps1
	EndProjectSection
EndProject
Global
	GlobalSection(SolutionConfigurationPlatforms) = preSolution
		Debug|Any CPU = Debug|Any CPU
		Release|Any CPU = Release|Any CPU
	EndGlobalSection
	GlobalSection(ProjectConfigurationPlatforms) = postSolution
		{43467013-3318-8844-BB1D-E129784EBBD7}.Debug|Any CPU.ActiveCfg = Debug|Any CPU
		{43467013-3318-8844-BB1D-E129784EBBD7}.Debug|Any CPU.Build.0 = Debug|Any CPU
		{43467013-3318-8844-BB1D-E129784EBBD7}.Release|Any CPU.ActiveCfg = Release|Any CPU
		{43467013-3318-8844-BB1D-E129784EBBD7}.Release|Any CPU.Build.0 = Release|Any CPU
		{8A5C4E2F-1B3D-4F6A-9E7C-2D8B5F0A3C1E}.Debug|Any CPU.ActiveCfg = Debug|Any CPU
		{8A5C4E2F-1B3D-4F6A-9E7C-2D8B5F0A3C1E}.Debug|Any CPU.Build.0 = Debug|Any CPU
		{8A5C4E2F-1B3D-4F6A-9E7C-2D8B5F0A3C1E}.Release|Any CPU.ActiveCfg = Release|Any CPU
		{8A5C4E2F-1B3D-4F6A-9E7C-2D8B5F0A3C1E}.Release|Any CPU.Build.0 = Release|Any CPU
	EndGlobalSection
	GlobalSection(SolutionProperties) = preSolution
		HideSolutionNode = FALSE
	EndGlobalSection
	GlobalSection(ExtensibilityGlobals) = postSolution
		SolutionGuid = {C781E3BE-ABBF-4C66-A491-99BA2455632E}
	EndGlobalSection
EndGlobal
